
Microsoft Visual Studio Solution File, Format Version 12.00
# Visual Studio Version 16
VisualStudioVersion = 16.0.31424.327
MinimumVisualStudioVersion = 10.0.40219.1
Project("{FAE04EC0-301F-11D3-BF4B-00C04F79EFBC}") = "Discord to Minecraft Wii U", "Discord to Minecraft Wii U.csproj", "{FD821932-9CE2-468A-9EE1-311AC1CE3AB6}"
EndProject
Global
	GlobalSection(SolutionConfigurationPlatforms) = preSolution
		Debug|Any CPU = Debug|Any CPU
		Release|Any CPU = Release|Any CPU
	EndGlobalSection
	GlobalSection(ProjectConfigurationPlatforms) = postSolution
		{FD821932-9CE2-468A-9EE1-311AC1CE3AB6}.Debug|Any CPU.ActiveCfg = Debug|Any CPU
		{FD821932-9CE2-468A-9EE1-311AC1CE3AB6}.Debug|Any CPU.Build.0 = Debug|Any CPU
		{FD821932-9CE2-468A-9EE1-311AC1CE3AB6}.Release|Any CPU.ActiveCfg = Release|Any CPU
		{FD821932-9CE2-468A-9EE1-311AC1CE3AB6}.Release|Any CPU.Build.0 = Release|Any CPU
	EndGlobalSection
	GlobalSection(SolutionProperties) = preSolution
		HideSolutionNode = FALSE
	EndGlobalSection
	GlobalSection(ExtensibilityGlobals) = postSolution
		SolutionGuid = {EDCBFFEE-1A47-4083-B3A4-8B431C4E9D20}
	EndGlobalSection
EndGlobal
